{
  "name": "variokredit",
  "lockfileVersion": 3,
  "requires": true,
  "packages": {
    "": {
      "dependencies": {
        "chalk": "^5.3.0",
        "sum-three-number": "^1.1.6",
        "zetastaking": "^1.1.2"
      }
    },
    "node_modules/ansi-regex": {
      "version": "4.1.1",
      "resolved": "https://registry.npmjs.org/ansi-regex/-/ansi-regex-4.1.1.tgz",
      "integrity": "sha512-ILlv4k/3f6vfQ4OoP2AGvirOktlQ98ZEL1k9FaQjxa3L1abBgbuTDAdPOpvbGncC0BTVQrl+OM8xZGK6tWXt7g==",
      "engines": {
        "node": ">=6"
      }
    },
    "node_modules/chalk": {
      "version": "5.3.0",
      "resolved": "https://registry.npmjs.org/chalk/-/chalk-5.3.0.tgz",
      "integrity": "sha512-dLitG79d+GV1Nb/VYcCDFivJeK1hiukt9QjRNVOsUtTy1rR1YJsmpGGTZ3qJos+uw7WmWF4wUwBd9jxjocFC2w==",
      "engines": {
        "node": "^12.17.0 || ^14.13 || >=16.0.0"
      },
      "funding": {
        "url": "https://github.com/chalk/chalk?sponsor=1"
      }
    },
    "node_modules/colors": {
      "version": "1.4.0",
      "resolved": "https://registry.npmjs.org/colors/-/colors-1.4.0.tgz",
      "integrity": "sha512-a+UqTh4kgZg/SlGvfbzDHpgRu7AAQOmmqRHJnxhRZICKFUT91brVhNNt58CMWU9PsBbv3PDCZUHbVxuDiH2mtA==",
      "engines": {
        "node": ">=0.1.90"
      }
    },
    "node_modules/emoji-random-list": {
      "version": "1.1.3",
      "resolved": "https://registry.npmjs.org/emoji-random-list/-/emoji-random-list-1.1.3.tgz",
      "integrity": "sha512-KUhniFC6qVxVbTHMNQl4bvgZ3Kc6cfMoahEPzH7I7KDfshMTF98yHib0tdC4XUh+BXd2k5cpkHxGvWZ/xX5ydQ=="
    },
    "node_modules/henlo-tea": {
      "version": "1.0.3",
      "resolved": "https://registry.npmjs.org/henlo-tea/-/henlo-tea-1.0.3.tgz",
      "integrity": "sha512-foAhH8GaISECdVaWbs6nu4eMpNaVapgm5hgtP20kbpgRo7ZNc+MjR3mKR5B4I8tLeWWhz87YSPlyT1Fm1tDseg==",
      "dependencies": {
        "chalk": "^5.3.0",
        "emoji-random-list": "^1.1.3"
      }
    },
    "node_modules/prompt-sync": {
      "version": "4.2.0",
      "resolved": "https://registry.npmjs.org/prompt-sync/-/prompt-sync-4.2.0.tgz",
      "integrity": "sha512-BuEzzc5zptP5LsgV5MZETjDaKSWfchl5U9Luiu8SKp7iZWD5tZalOxvNcZRwv+d2phNFr8xlbxmFNcRKfJOzJw==",
      "dependencies": {
        "strip-ansi": "^5.0.0"
      }
    },
    "node_modules/strip-ansi": {
      "version": "5.2.0",
      "resolved": "https://registry.npmjs.org/strip-ansi/-/strip-ansi-5.2.0.tgz",
      "integrity": "sha512-DuRs1gKbBqsMKIZlrffwlug8MHkcnpjs5VPmL1PAh+mA30U0DTotfDZ0d2UUsXpPmPmMMJ6W773MaA3J+lbiWA==",
      "dependencies": {
        "ansi-regex": "^4.1.0"
      },
      "engines": {
        "node": ">=6"
      }
    },
    "node_modules/sum-three-number": {
      "version": "1.1.6",
      "resolved": "https://registry.npmjs.org/sum-three-number/-/sum-three-number-1.1.6.tgz",
      "integrity": "sha512-srOjY1J/Z3SphRGCkJqhZE4h0tAR9f8cty4/v4odByNjBHzwmXhgXZy/O6kIfDI2ARnDFUzocqiFv27LhplB2w==",
      "dependencies": {
        "colors": "^1.4.0",
        "prompt-sync": "^4.2.0"
      }
    },
    "node_modules/user": {
      "version": "0.0.0",
      "resolved": "https://registry.npmjs.org/user/-/user-0.0.0.tgz",
      "integrity": "sha512-eRNM5isOvr6aEFAGi1CqAkmLkYxW2NJ5ThhbD+6IJXYKM1mo7Gtxx4mQIveHz/5K3p/SVnlW9k17ETn+QAu8IQ=="
    },
    "node_modules/zetastaking": {
      "version": "1.1.2",
      "resolved": "https://registry.npmjs.org/zetastaking/-/zetastaking-1.1.2.tgz",
      "integrity": "sha512-sf0ttu6VjVdddyrBnZbUBEe0VCB5btgWiAkqBIwTMYwfAgJj1aQ4N9m1tT8+tBmNSmMtbsSn2Hn6n57Y+TcRfw==",
      "dependencies": {
        "chalk": "^5.3.0",
        "henlo-tea": "^1.0.1",
        "sum-three-number": "^1.0.0",
        "user": "^0.0.0"
      }
    }
  }
}
